
Microsoft Visual Studio Solution File, Format Version 12.00
# Visual Studio Version 17
VisualStudioVersion = 17.0.31903.59
MinimumVisualStudioVersion = 10.0.40219.1
Project("{2150E333-8FDC-42A3-9474-1A3956D46DE8}") = "src", "src", "{EF766E96-3389-4E09-BA91-208849025070}"
EndProject
Project("{FAE04EC0-301F-11D3-BF4B-00C04F79EFBC}") = "OperatorTemplate.AppHost", "src\OperatorTemplate.AppHost\OperatorTemplate.AppHost.csproj", "{C09D87DD-ED50-47DB-8A9A-7692D8D75F1E}"
EndProject
Project("{FAE04EC0-301F-11D3-BF4B-00C04F79EFBC}") = "OperatorTemplate.Operator", "src\OperatorTemplate.Operator\OperatorTemplate.Operator.csproj", "{A7EE227A-11F1-4ABC-A1EE-67B637439915}"
EndProject
Project("{FAE04EC0-301F-11D3-BF4B-00C04F79EFBC}") = "OperatorTemplate.ServiceDefaults", "src\OperatorTemplate.ServiceDefaults\OperatorTemplate.ServiceDefaults.csproj", "{BA562A07-2B9B-4EC4-9274-04205FAD0E1E}"
EndProject
Global
	GlobalSection(SolutionConfigurationPlatforms) = preSolution
		Debug|Any CPU = Debug|Any CPU
		Release|Any CPU = Release|Any CPU
	EndGlobalSection
	GlobalSection(SolutionProperties) = preSolution
		HideSolutionNode = FALSE
	EndGlobalSection
	GlobalSection(ProjectConfigurationPlatforms) = postSolution
		{C09D87DD-ED50-47DB-8A9A-7692D8D75F1E}.Debug|Any CPU.ActiveCfg = Debug|Any CPU
		{C09D87DD-ED50-47DB-8A9A-7692D8D75F1E}.Debug|Any CPU.Build.0 = Debug|Any CPU
		{C09D87DD-ED50-47DB-8A9A-7692D8D75F1E}.Release|Any CPU.ActiveCfg = Release|Any CPU
		{C09D87DD-ED50-47DB-8A9A-7692D8D75F1E}.Release|Any CPU.Build.0 = Release|Any CPU
		{A7EE227A-11F1-4ABC-A1EE-67B637439915}.Debug|Any CPU.ActiveCfg = Debug|Any CPU
		{A7EE227A-11F1-4ABC-A1EE-67B637439915}.Debug|Any CPU.Build.0 = Debug|Any CPU
		{A7EE227A-11F1-4ABC-A1EE-67B637439915}.Release|Any CPU.ActiveCfg = Release|Any CPU
		{A7EE227A-11F1-4ABC-A1EE-67B637439915}.Release|Any CPU.Build.0 = Release|Any CPU
		{BA562A07-2B9B-4EC4-9274-04205FAD0E1E}.Debug|Any CPU.ActiveCfg = Debug|Any CPU
		{BA562A07-2B9B-4EC4-9274-04205FAD0E1E}.Debug|Any CPU.Build.0 = Debug|Any CPU
		{BA562A07-2B9B-4EC4-9274-04205FAD0E1E}.Release|Any CPU.ActiveCfg = Release|Any CPU
		{BA562A07-2B9B-4EC4-9274-04205FAD0E1E}.Release|Any CPU.Build.0 = Release|Any CPU
	EndGlobalSection
	GlobalSection(NestedProjects) = preSolution
		{C09D87DD-ED50-47DB-8A9A-7692D8D75F1E} = {EF766E96-3389-4E09-BA91-208849025070}
		{A7EE227A-11F1-4ABC-A1EE-67B637439915} = {EF766E96-3389-4E09-BA91-208849025070}
		{BA562A07-2B9B-4EC4-9274-04205FAD0E1E} = {EF766E96-3389-4E09-BA91-208849025070}
	EndGlobalSection
EndGlobal
